
Microsoft Visual Studio Solution File, Format Version 12.00
# Visual Studio Version 17
VisualStudioVersion = 17.10.35122.118
MinimumVisualStudioVersion = 10.0.40219.1
Project("{8BC9CEB8-8B4A-11D0-8D11-00A0C91BC942}") = "04_Classes", "04_Classes\04_Classes.vcxproj", "{4B994A89-F592-479E-8DEA-56C6BD29BB51}"
EndProject
Global
	GlobalSection(SolutionConfigurationPlatforms) = preSolution
		Debug|x64 = Debug|x64
		Debug|x86 = Debug|x86
		Release|x64 = Release|x64
		Release|x86 = Release|x86
	EndGlobalSection
	GlobalSection(ProjectConfigurationPlatforms) = postSolution
		{4B994A89-F592-479E-8DEA-56C6BD29BB51}.Debug|x64.ActiveCfg = Debug|x64
		{4B994A89-F592-479E-8DEA-56C6BD29BB51}.Debug|x64.Build.0 = Debug|x64
		{4B994A89-F592-479E-8DEA-56C6BD29BB51}.Debug|x86.ActiveCfg = Debug|Win32
		{4B994A89-F592-479E-8DEA-56C6BD29BB51}.Debug|x86.Build.0 = Debug|Win32
		{4B994A89-F592-479E-8DEA-56C6BD29BB51}.Release|x64.ActiveCfg = Release|x64
		{4B994A89-F592-479E-8DEA-56C6BD29BB51}.Release|x64.Build.0 = Release|x64
		{4B994A89-F592-479E-8DEA-56C6BD29BB51}.Release|x86.ActiveCfg = Release|Win32
		{4B994A89-F592-479E-8DEA-56C6BD29BB51}.Release|x86.Build.0 = Release|Win32
	EndGlobalSection
	GlobalSection(SolutionProperties) = preSolution
		HideSolutionNode = FALSE
	EndGlobalSection
	GlobalSection(ExtensibilityGlobals) = postSolution
		SolutionGuid = {5141854A-109D-457D-84B4-E49668A7618B}
	EndGlobalSection
EndGlobal
