
Microsoft Visual Studio Solution File, Format Version 12.00
# Visual Studio Version 17
VisualStudioVersion = 17.10.35122.118
MinimumVisualStudioVersion = 10.0.40219.1
Project("{8BC9CEB8-8B4A-11D0-8D11-00A0C91BC942}") = "22_Lifetime", "22_Lifetime\22_Lifetime.vcxproj", "{94ECC191-7242-4263-A598-0C4D5B19E503}"
EndProject
Global
	GlobalSection(SolutionConfigurationPlatforms) = preSolution
		Debug|x64 = Debug|x64
		Debug|x86 = Debug|x86
		Release|x64 = Release|x64
		Release|x86 = Release|x86
	EndGlobalSection
	GlobalSection(ProjectConfigurationPlatforms) = postSolution
		{94ECC191-7242-4263-A598-0C4D5B19E503}.Debug|x64.ActiveCfg = Debug|x64
		{94ECC191-7242-4263-A598-0C4D5B19E503}.Debug|x64.Build.0 = Debug|x64
		{94ECC191-7242-4263-A598-0C4D5B19E503}.Debug|x86.ActiveCfg = Debug|Win32
		{94ECC191-7242-4263-A598-0C4D5B19E503}.Debug|x86.Build.0 = Debug|Win32
		{94ECC191-7242-4263-A598-0C4D5B19E503}.Release|x64.ActiveCfg = Release|x64
		{94ECC191-7242-4263-A598-0C4D5B19E503}.Release|x64.Build.0 = Release|x64
		{94ECC191-7242-4263-A598-0C4D5B19E503}.Release|x86.ActiveCfg = Release|Win32
		{94ECC191-7242-4263-A598-0C4D5B19E503}.Release|x86.Build.0 = Release|Win32
	EndGlobalSection
	GlobalSection(SolutionProperties) = preSolution
		HideSolutionNode = FALSE
	EndGlobalSection
	GlobalSection(ExtensibilityGlobals) = postSolution
		SolutionGuid = {7DC996D7-92DD-481B-BCC4-D5F37D62E185}
	EndGlobalSection
EndGlobal
